
Microsoft Visual Studio Solution File, Format Version 12.00
# Visual Studio Version 16
VisualStudioVersion = 16.0.30001.183
MinimumVisualStudioVersion = 10.0.40219.1
Project("{FAE04EC0-301F-11D3-BF4B-00C04F79EFBC}") = "EventsApp.API", "EventsApp.API\EventsApp.API.csproj", "{1B7FAFD9-C968-499E-A436-9915896F9880}"
EndProject
Global
	GlobalSection(SolutionConfigurationPlatforms) = preSolution
		Debug|Any CPU = Debug|Any CPU
		Release|Any CPU = Release|Any CPU
	EndGlobalSection
	GlobalSection(ProjectConfigurationPlatforms) = postSolution
		{1B7FAFD9-C968-499E-A436-9915896F9880}.Debug|Any CPU.ActiveCfg = Debug|Any CPU
		{1B7FAFD9-C968-499E-A436-9915896F9880}.Debug|Any CPU.Build.0 = Debug|Any CPU
		{1B7FAFD9-C968-499E-A436-9915896F9880}.Release|Any CPU.ActiveCfg = Release|Any CPU
		{1B7FAFD9-C968-499E-A436-9915896F9880}.Release|Any CPU.Build.0 = Release|Any CPU
	EndGlobalSection
	GlobalSection(SolutionProperties) = preSolution
		HideSolutionNode = FALSE
	EndGlobalSection
	GlobalSection(ExtensibilityGlobals) = postSolution
		SolutionGuid = {07D93EA8-540F-4F73-84C2-8D298E50552B}
	EndGlobalSection
EndGlobal
